// !$*UTF8*$!
{
	archiveVersion = 1;
	classes = {
	};
	objectVersion = 50;
	objects = {

/* Begin PBXBuildFile section */
		F91F69DE2221EE65007E6E97 /* AppDelegate.swift in Sources */ = {isa = PBXBuildFile; fileRef = F91F69DD2221EE65007E6E97 /* AppDelegate.swift */; };
		F91F69E02221EE65007E6E97 /* ViewController.swift in Sources */ = {isa = PBXBuildFile; fileRef = F91F69DF2221EE65007E6E97 /* ViewController.swift */; };
		F91F69E32221EE65007E6E97 /* Main.storyboard in Resources */ = {isa = PBXBuildFile; fileRef = F91F69E12221EE65007E6E97 /* Main.storyboard */; };
		F91F69E52221EE85007E6E97 /* Assets.xcassets in Resources */ = {isa = PBXBuildFile; fileRef = F91F69E42221EE85007E6E97 /* Assets.xcassets */; };
		F91F69E82221EE85007E6E97 /* LaunchScreen.storyboard in Resources */ = {isa = PBXBuildFile; fileRef = F91F69E62221EE85007E6E97 /* LaunchScreen.storyboard */; };
		F91F69F32221EE85007E6E97 /* DeOfHetTests.swift in Sources */ = {isa = PBXBuildFile; fileRef = F91F69F22221EE85007E6E97 /* DeOfHetTests.swift */; };
		F91F69FE2221EE85007E6E97 /* DeOfHetUITests.swift in Sources */ = {isa = PBXBuildFile; fileRef = F91F69FD2221EE85007E6E97 /* DeOfHetUITests.swift */; };
/* End PBXBuildFile section */

/* Begin PBXContainerItemProxy section */
		F91F69EF2221EE85007E6E97 /* PBXContainerItemProxy */ = {
			isa = PBXContainerItemProxy;
			containerPortal = F91F69D22221EE65007E6E97 /* Project object */;
			proxyType = 1;
			remoteGlobalIDString = F91F69D92221EE65007E6E97;
			remoteInfo = DeOfHet;
		};
		F91F69FA2221EE85007E6E97 /* PBXContainerItemProxy */ = {
			isa = PBXContainerItemProxy;
			containerPortal = F91F69D22221EE65007E6E97 /* Project object */;
			proxyType = 1;
			remoteGlobalIDString = F91F69D92221EE65007E6E97;
			remoteInfo = DeOfHet;
		};
/* End PBXContainerItemProxy section */

/* Begin PBXFileReference section */
		F91F69DA2221EE65007E6E97 /* DeOfHet.app */ = {isa = PBXFileReference; explicitFileType = wrapper.application; includeInIndex = 0; path = DeOfHet.app; sourceTree = BUILT_PRODUCTS_DIR; };
		F91F69DD2221EE65007E6E97 /* AppDelegate.swift */ = {isa = PBXFileReference; lastKnownFileType = sourcecode.swift; path = AppDelegate.swift; sourceTree = "<group>"; };
		F91F69DF2221EE65007E6E97 /* ViewController.swift */ = {isa = PBXFileReference; lastKnownFileType = sourcecode.swift; path = ViewController.swift; sourceTree = "<group>"; };
		F91F69E22221EE65007E6E97 /* Base */ = {isa = PBXFileReference; lastKnownFileType = file.storyboard; name = Base; path = Base.lproj/Main.storyboard; sourceTree = "<group>"; };
		F91F69E42221EE85007E6E97 /* Assets.xcassets */ = {isa = PBXFileReference; lastKnownFileType = folder.assetcatalog; path = Assets.xcassets; sourceTree = "<group>"; };
		F91F69E72221EE85007E6E97 /* Base */ = {isa = PBXFileReference; lastKnownFileType = file.storyboard; name = Base; path = Base.lproj/LaunchScreen.storyboard; sourceTree = "<group>"; };
		F91F69E92221EE85007E6E97 /* Info.plist */ = {isa = PBXFileReference; lastKnownFileType = text.plist.xml; path = Info.plist; sourceTree = "<group>"; };
		F91F69EE2221EE85007E6E97 /* DeOfHetTests.xctest */ = {isa = PBXFileReference; explicitFileType = wrapper.cfbundle; includeInIndex = 0; path = DeOfHetTests.xctest; sourceTree = BUILT_PRODUCTS_DIR; };
		F91F69F22221EE85007E6E97 /* DeOfHetTests.swift */ = {isa = PBXFileReference; lastKnownFileType = sourcecode.swift; path = DeOfHetTests.swift; sourceTree = "<group>"; };
		F91F69F42221EE85007E6E97 /* Info.plist */ = {isa = PBXFileReference; lastKnownFileType = text.plist.xml; path = Info.plist; sourceTree = "<group>"; };
		F91F69F92221EE85007E6E97 /* DeOfHetUITests.xctest */ = {isa = PBXFileReference; explicitFileType = wrapper.cfbundle; includeInIndex = 0; path = DeOfHetUITests.xctest; sourceTree = BUILT_PRODUCTS_DIR; };
		F91F69FD2221EE85007E6E97 /* DeOfHetUITests.swift */ = {isa = PBXFileReference; lastKnownFileType = sourcecode.swift; path = DeOfHetUITests.swift; sourceTree = "<group>"; };
		F91F69FF2221EE85007E6E97 /* Info.plist */ = {isa = PBXFileReference; lastKnownFileType = text.plist.xml; path = Info.plist; sourceTree = "<group>"; };
/* End PBXFileReference section */

/* Begin PBXFrameworksBuildPhase section */
		F91F69D72221EE65007E6E97 /* Frameworks */ = {
			isa = PBXFrameworksBuildPhase;
			buildActionMask = 2147483647;
			files = (
			);
			runOnlyForDeploymentPostprocessing = 0;
		};
		F91F69EB2221EE85007E6E97 /* Frameworks */ = {
			isa = PBXFrameworksBuildPhase;
			buildActionMask = 2147483647;
			files = (
			);
			runOnlyForDeploymentPostprocessing = 0;
		};
		F91F69F62221EE85007E6E97 /* Frameworks */ = {
			isa = PBXFrameworksBuildPhase;
			buildActionMask = 2147483647;
			files = (
			);
			runOnlyForDeploymentPostprocessing = 0;
		};
/* End PBXFrameworksBuildPhase section */

/* Begin PBXGroup section */
		F91F69D12221EE65007E6E97 = {
			isa = PBXGroup;
			children = (
				F91F69DC2221EE65007E6E97 /* DeOfHet */,
				F91F69F12221EE85007E6E97 /* DeOfHetTests */,
				F91F69FC2221EE85007E6E97 /* DeOfHetUITests */,
				F91F69DB2221EE65007E6E97 /* Products */,
			);
			sourceTree = "<group>";
		};
		F91F69DB2221EE65007E6E97 /* Products */ = {
			isa = PBXGroup;
			children = (
				F91F69DA2221EE65007E6E97 /* DeOfHet.app */,
				F91F69EE2221EE85007E6E97 /* DeOfHetTests.xctest */,
				F91F69F92221EE85007E6E97 /* DeOfHetUITests.xctest */,
			);
			name = Products;
			sourceTree = "<group>";
		};
		F91F69DC2221EE65007E6E97 /* DeOfHet */ = {
			isa = PBXGroup;
			children = (
				F91F69DD2221EE65007E6E97 /* AppDelegate.swift */,
				F91F69DF2221EE65007E6E97 /* ViewController.swift */,
				F91F69E12221EE65007E6E97 /* Main.storyboard */,
				F91F69E42221EE85007E6E97 /* Assets.xcassets */,
				F91F69E62221EE85007E6E97 /* LaunchScreen.storyboard */,
				F91F69E92221EE85007E6E97 /* Info.plist */,
			);
			path = DeOfHet;
			sourceTree = "<group>";
		};
		F91F69F12221EE85007E6E97 /* DeOfHetTests */ = {
			isa = PBXGroup;
			children = (
				F91F69F22221EE85007E6E97 /* DeOfHetTests.swift */,
				F91F69F42221EE85007E6E97 /* Info.plist */,
			);
			path = DeOfHetTests;
			sourceTree = "<group>";
		};
		F91F69FC2221EE85007E6E97 /* DeOfHetUITests */ = {
			isa = PBXGroup;
			children = (
				F91F69FD2221EE85007E6E97 /* DeOfHetUITests.swift */,
				F91F69FF2221EE85007E6E97 /* Info.plist */,
			);
			path = DeOfHetUITests;
			sourceTree = "<group>";
		};
/* End PBXGroup section */

/* Begin PBXNativeTarget section */
		F91F69D92221EE65007E6E97 /* DeOfHet */ = {
			isa = PBXNativeTarget;
			buildConfigurationList = F91F6A022221EE85007E6E97 /* Build configuration list for PBXNativeTarget "DeOfHet" */;
			buildPhases = (
				F91F69D62221EE65007E6E97 /* Sources */,
				F91F69D72221EE65007E6E97 /* Frameworks */,
				F91F69D82221EE65007E6E97 /* Resources */,
			);
			buildRules = (
			);
			dependencies = (
			);
			name = DeOfHet;
			productName = DeOfHet;
			productReference = F91F69DA2221EE65007E6E97 /* DeOfHet.app */;
			productType = "com.apple.product-type.application";
		};
		F91F69ED2221EE85007E6E97 /* DeOfHetTests */ = {
			isa = PBXNativeTarget;
			buildConfigurationList = F91F6A052221EE86007E6E97 /* Build configuration list for PBXNativeTarget "DeOfHetTests" */;
			buildPhases = (
				F91F69EA2221EE85007E6E97 /* Sources */,
				F91F69EB2221EE85007E6E97 /* Frameworks */,
				F91F69EC2221EE85007E6E97 /* Resources */,
			);
			buildRules = (
			);
			dependencies = (
				F91F69F02221EE85007E6E97 /* PBXTargetDependency */,
			);
			name = DeOfHetTests;
			productName = DeOfHetTests;
			productReference = F91F69EE2221EE85007E6E97 /* DeOfHetTests.xctest */;
			productType = "com.apple.product-type.bundle.unit-test";
		};
		F91F69F82221EE85007E6E97 /* DeOfHetUITests */ = {
			isa = PBXNativeTarget;
			buildConfigurationList = F91F6A082221EE86007E6E97 /* Build configuration list for PBXNativeTarget "DeOfHetUITests" */;
			buildPhases = (
				F91F69F52221EE85007E6E97 /* Sources */,
				F91F69F62221EE85007E6E97 /* Frameworks */,
				F91F69F72221EE85007E6E97 /* Resources */,
			);
			buildRules = (
			);
			dependencies = (
				F91F69FB2221EE85007E6E97 /* PBXTargetDependency */,
			);
			name = DeOfHetUITests;
			productName = DeOfHetUITests;
			productReference = F91F69F92221EE85007E6E97 /* DeOfHetUITests.xctest */;
			productType = "com.apple.product-type.bundle.ui-testing";
		};
/* End PBXNativeTarget section */

/* Begin PBXProject section */
		F91F69D22221EE65007E6E97 /* Project object */ = {
			isa = PBXProject;
			attributes = {
				LastSwiftUpdateCheck = 1010;
				LastUpgradeCheck = 1010;
				ORGANIZATIONNAME = "Prajakta Kulkarni";
				TargetAttributes = {
					F91F69D92221EE65007E6E97 = {
						CreatedOnToolsVersion = 10.1;
					};
					F91F69ED2221EE85007E6E97 = {
						CreatedOnToolsVersion = 10.1;
						TestTargetID = F91F69D92221EE65007E6E97;
					};
					F91F69F82221EE85007E6E97 = {
						CreatedOnToolsVersion = 10.1;
						TestTargetID = F91F69D92221EE65007E6E97;
					};
				};
			};
			buildConfigurationList = F91F69D52221EE65007E6E97 /* Build configuration list for PBXProject "DeOfHet" */;
			compatibilityVersion = "Xcode 9.3";
			developmentRegion = en;
			hasScannedForEncodings = 0;
			knownRegions = (
				en,
				Base,
			);
			mainGroup = F91F69D12221EE65007E6E97;
			productRefGroup = F91F69DB2221EE65007E6E97 /* Products */;
			projectDirPath = "";
			projectRoot = "";
			targets = (
				F91F69D92221EE65007E6E97 /* DeOfHet */,
				F91F69ED2221EE85007E6E97 /* DeOfHetTests */,
				F91F69F82221EE85007E6E97 /* DeOfHetUITests */,
			);
		};
/* End PBXProject section */

/* Begin PBXResourcesBuildPhase section */
		F91F69D82221EE65007E6E97 /* Resources */ = {
			isa = PBXResourcesBuildPhase;
			buildActionMask = 2147483647;
			files = (
				F91F69E82221EE85007E6E97 /* LaunchScreen.storyboard in Resources */,
				F91F69E52221EE85007E6E97 /* Assets.xcassets in Resources */,
				F91F69E32221EE65007E6E97 /* Main.storyboard in Resources */,
			);
			runOnlyForDeploymentPostprocessing = 0;
		};
		F91F69EC2221EE85007E6E97 /* Resources */ = {
			isa = PBXResourcesBuildPhase;
			buildActionMask = 2147483647;
			files = (
			);
			runOnlyForDeploymentPostprocessing = 0;
		};
		F91F69F72221EE85007E6E97 /* Resources */ = {
			isa = PBXResourcesBuildPhase;
			buildActionMask = 2147483647;
			files = (
			);
			runOnlyForDeploymentPostprocessing = 0;
		};
/* End PBXResourcesBuildPhase section */

/* Begin PBXSourcesBuildPhase section */
		F91F69D62221EE65007E6E97 /* Sources */ = {
			isa = PBXSourcesBuildPhase;
			buildActionMask = 2147483647;
			files = (
				F91F69E02221EE65007E6E97 /* ViewController.swift in Sources */,
				F91F69DE2221EE65007E6E97 /* AppDelegate.swift in Sources */,
			);
			runOnlyForDeploymentPostprocessing = 0;
		};
		F91F69EA2221EE85007E6E97 /* Sources */ = {
			isa = PBXSourcesBuildPhase;
			buildActionMask = 2147483647;
			files = (
				F91F69F32221EE85007E6E97 /* DeOfHetTests.swift in Sources */,
			);
			runOnlyForDeploymentPostprocessing = 0;
		};
		F91F69F52221EE85007E6E97 /* Sources */ = {
			isa = PBXSourcesBuildPhase;
			buildActionMask = 2147483647;
			files = (
				F91F69FE2221EE85007E6E97 /* DeOfHetUITests.swift in Sources */,
			);
			runOnlyForDeploymentPostprocessing = 0;
		};
/* End PBXSourcesBuildPhase section */

/* Begin PBXTargetDependency section */
		F91F69F02221EE85007E6E97 /* PBXTargetDependency */ = {
			isa = PBXTargetDependency;
			target = F91F69D92221EE65007E6E97 /* DeOfHet */;
			targetProxy = F91F69EF2221EE85007E6E97 /* PBXContainerItemProxy */;
		};
		F91F69FB2221EE85007E6E97 /* PBXTargetDependency */ = {
			isa = PBXTargetDependency;
			target = F91F69D92221EE65007E6E97 /* DeOfHet */;
			targetProxy = F91F69FA2221EE85007E6E97 /* PBXContainerItemProxy */;
		};
/* End PBXTargetDependency section */

/* Begin PBXVariantGroup section */
		F91F69E12221EE65007E6E97 /* Main.storyboard */ = {
			isa = PBXVariantGroup;
			children = (
				F91F69E22221EE65007E6E97 /* Base */,
			);
			name = Main.storyboard;
			sourceTree = "<group>";
		};
		F91F69E62221EE85007E6E97 /* LaunchScreen.storyboard */ = {
			isa = PBXVariantGroup;
			children = (
				F91F69E72221EE85007E6E97 /* Base */,
			);
			name = LaunchScreen.storyboard;
			sourceTree = "<group>";
		};
/* End PBXVariantGroup section */

/* Begin XCBuildConfiguration section */
		F91F6A002221EE85007E6E97 /* Debug */ = {
			isa = XCBuildConfiguration;
			buildSettings = {
				ALWAYS_SEARCH_USER_PATHS = NO;
				CLANG_ANALYZER_NONNULL = YES;
				CLANG_ANALYZER_NUMBER_OBJECT_CONVERSION = YES_AGGRESSIVE;
				CLANG_CXX_LANGUAGE_STANDARD = "gnu++14";
				CLANG_CXX_LIBRARY = "libc++";
				CLANG_ENABLE_MODULES = YES;
				CLANG_ENABLE_OBJC_ARC = YES;
				CLANG_ENABLE_OBJC_WEAK = YES;
				CLANG_WARN_BLOCK_CAPTURE_AUTORELEASING = YES;
				CLANG_WARN_BOOL_CONVERSION = YES;
				CLANG_WARN_COMMA = YES;
				CLANG_WARN_CONSTANT_CONVERSION = YES;
				CLANG_WARN_DEPRECATED_OBJC_IMPLEMENTATIONS = YES;
				CLANG_WARN_DIRECT_OBJC_ISA_USAGE = YES_ERROR;
				CLANG_WARN_DOCUMENTATION_COMMENTS = YES;
				CLANG_WARN_EMPTY_BODY = YES;
				CLANG_WARN_ENUM_CONVERSION = YES;
				CLANG_WARN_INFINITE_RECURSION = YES;
				CLANG_WARN_INT_CONVERSION = YES;
				CLANG_WARN_NON_LITERAL_NULL_CONVERSION = YES;
				CLANG_WARN_OBJC_IMPLICIT_RETAIN_SELF = YES;
				CLANG_WARN_OBJC_LITERAL_CONVERSION = YES;
				CLANG_WARN_OBJC_ROOT_CLASS = YES_ERROR;
				CLANG_WARN_RANGE_LOOP_ANALYSIS = YES;
				CLANG_WARN_STRICT_PROTOTYPES = YES;
				CLANG_WARN_SUSPICIOUS_MOVE = YES;
				CLANG_WARN_UNGUARDED_AVAILABILITY = YES_AGGRESSIVE;
				CLANG_WARN_UNREACHABLE_CODE = YES;
				CLANG_WARN__DUPLICATE_METHOD_MATCH = YES;
				CODE_SIGN_IDENTITY = "iPhone Developer";
				COPY_PHASE_STRIP = NO;
				DEBUG_INFORMATION_FORMAT = dwarf;
				ENABLE_STRICT_OBJC_MSGSEND = YES;
				ENABLE_TESTABILITY = YES;
				GCC_C_LANGUAGE_STANDARD = gnu11;
				GCC_DYNAMIC_NO_PIC = NO;
				GCC_NO_COMMON_BLOCKS = YES;
				GCC_OPTIMIZATION_LEVEL = 0;
				GCC_PREPROCESSOR_DEFINITIONS = (
					"DEBUG=1",
					"$(inherited)",
				);
				GCC_WARN_64_TO_32_BIT_CONVERSION = YES;
				GCC_WARN_ABOUT_RETURN_TYPE = YES_ERROR;
				GCC_WARN_UNDECLARED_SELECTOR = YES;
				GCC_WARN_UNINITIALIZED_AUTOS = YES_AGGRESSIVE;
				GCC_WARN_UNUSED_FUNCTION = YES;
				GCC_WARN_UNUSED_VARIABLE = YES;
				IPHONEOS_DEPLOYMENT_TARGET = 12.1;
				MTL_ENABLE_DEBUG_INFO = INCLUDE_SOURCE;
				MTL_FAST_MATH = YES;
				ONLY_ACTIVE_ARCH = YES;
				SDKROOT = iphoneos;
				SWIFT_ACTIVE_COMPILATION_CONDITIONS = DEBUG;
				SWIFT_OPTIMIZATION_LEVEL = "-Onone";
			};
			name = Debug;
		};
		F91F6A012221EE85007E6E97 /* Release */ = {
			isa = XCBuildConfiguration;
			buildSettings = {
				ALWAYS_SEARCH_USER_PATHS = NO;
				CLANG_ANALYZER_NONNULL = YES;
				CLANG_ANALYZER_NUMBER_OBJECT_CONVERSION = YES_AGGRESSIVE;
				CLANG_CXX_LANGUAGE_STANDARD = "gnu++14";
				CLANG_CXX_LIBRARY = "libc++";
				CLANG_ENABLE_MODULES = YES;
				CLANG_ENABLE_OBJC_ARC = YES;
				CLANG_ENABLE_OBJC_WEAK = YES;
				CLANG_WARN_BLOCK_CAPTURE_AUTORELEASING = YES;
				CLANG_WARN_BOOL_CONVERSION = YES;
				CLANG_WARN_COMMA = YES;
				CLANG_WARN_CONSTANT_CONVERSION = YES;
				CLANG_WARN_DEPRECATED_OBJC_IMPLEMENTATIONS = YES;
				CLANG_WARN_DIRECT_OBJC_ISA_USAGE = YES_ERROR;
				CLANG_WARN_DOCUMENTATION_COMMENTS = YES;
				CLANG_WARN_EMPTY_BODY = YES;
				CLANG_WARN_ENUM_CONVERSION = YES;
				CLANG_WARN_INFINITE_RECURSION = YES;
				CLANG_WARN_INT_CONVERSION = YES;
				CLANG_WARN_NON_LITERAL_NULL_CONVERSION = YES;
				CLANG_WARN_OBJC_IMPLICIT_RETAIN_SELF = YES;
				CLANG_WARN_OBJC_LITERAL_CONVERSION = YES;
				CLANG_WARN_OBJC_ROOT_CLASS = YES_ERROR;
				CLANG_WARN_RANGE_LOOP_ANALYSIS = YES;
				CLANG_WARN_STRICT_PROTOTYPES = YES;
				CLANG_WARN_SUSPICIOUS_MOVE = YES;
				CLANG_WARN_UNGUARDED_AVAILABILITY = YES_AGGRESSIVE;
				CLANG_WARN_UNREACHABLE_CODE = YES;
				CLANG_WARN__DUPLICATE_METHOD_MATCH = YES;
				CODE_SIGN_IDENTITY = "iPhone Developer";
				COPY_PHASE_STRIP = NO;
				DEBUG_INFORMATION_FORMAT = "dwarf-with-dsym";
				ENABLE_NS_ASSERTIONS = NO;
				ENABLE_STRICT_OBJC_MSGSEND = YES;
				GCC_C_LANGUAGE_STANDARD = gnu11;
				GCC_NO_COMMON_BLOCKS = YES;
				GCC_WARN_64_TO_32_BIT_CONVERSION = YES;
				GCC_WARN_ABOUT_RETURN_TYPE = YES_ERROR;
				GCC_WARN_UNDECLARED_SELECTOR = YES;
				GCC_WARN_UNINITIALIZED_AUTOS = YES_AGGRESSIVE;
				GCC_WARN_UNUSED_FUNCTION = YES;
				GCC_WARN_UNUSED_VARIABLE = YES;
				IPHONEOS_DEPLOYMENT_TARGET = 12.1;
				MTL_ENABLE_DEBUG_INFO = NO;
				MTL_FAST_MATH = YES;
				SDKROOT = iphoneos;
				SWIFT_COMPILATION_MODE = wholemodule;
				SWIFT_OPTIMIZATION_LEVEL = "-O";
				VALIDATE_PRODUCT = YES;
			};
			name = Release;
		};
		F91F6A032221EE85007E6E97 /* Debug */ = {
			isa = XCBuildConfiguration;
			buildSettings = {
				ASSETCATALOG_COMPILER_APPICON_NAME = AppIcon;
				CODE_SIGN_STYLE = Automatic;
				DEVELOPMENT_TEAM = 6AC44Z6PNA;
				INFOPLIST_FILE = DeOfHet/Info.plist;
				LD_RUNPATH_SEARCH_PATHS = (
					"$(inherited)",
					"@executable_path/Frameworks",
				);
				PRODUCT_BUNDLE_IDENTIFIER = com.pk.DeOfHet;
				PRODUCT_NAME = "$(TARGET_NAME)";
				SWIFT_VERSION = 4.2;
				TARGETED_DEVICE_FAMILY = "1,2";
			};
			name = Debug;
		};
		F91F6A042221EE85007E6E97 /* Release */ = {
			isa = XCBuildConfiguration;
			buildSettings = {
				ASSETCATALOG_COMPILER_APPICON_NAME = AppIcon;
				CODE_SIGN_STYLE = Automatic;
				DEVELOPMENT_TEAM = 6AC44Z6PNA;
				INFOPLIST_FILE = DeOfHet/Info.plist;
				LD_RUNPATH_SEARCH_PATHS = (
					"$(inherited)",
					"@executable_path/Frameworks",
				);
				PRODUCT_BUNDLE_IDENTIFIER = com.pk.DeOfHet;
				PRODUCT_NAME = "$(TARGET_NAME)";
				SWIFT_VERSION = 4.2;
				TARGETED_DEVICE_FAMILY = "1,2";
			};
			name = Release;
		};
		F91F6A062221EE86007E6E97 /* Debug */ = {
			isa = XCBuildConfiguration;
			buildSettings = {
				ALWAYS_EMBED_SWIFT_STANDARD_LIBRARIES = YES;
				BUNDLE_LOADER = "$(TEST_HOST)";
				CODE_SIGN_STYLE = Automatic;
				DEVELOPMENT_TEAM = 6AC44Z6PNA;
				INFOPLIST_FILE = DeOfHetTests/Info.plist;
				LD_RUNPATH_SEARCH_PATHS = (
					"$(inherited)",
					"@executable_path/Frameworks",
					"@loader_path/Frameworks",
				);
				PRODUCT_BUNDLE_IDENTIFIER = com.pk.DeOfHetTests;
				PRODUCT_NAME = "$(TARGET_NAME)";
				SWIFT_VERSION = 4.2;
				TARGETED_DEVICE_FAMILY = "1,2";
				TEST_HOST = "$(BUILT_PRODUCTS_DIR)/DeOfHet.app/DeOfHet";
			};
			name = Debug;
		};
		F91F6A072221EE86007E6E97 /* Release */ = {
			isa = XCBuildConfiguration;
			buildSettings = {
				ALWAYS_EMBED_SWIFT_STANDARD_LIBRARIES = YES;
				BUNDLE_LOADER = "$(TEST_HOST)";
				CODE_SIGN_STYLE = Automatic;
				DEVELOPMENT_TEAM = 6AC44Z6PNA;
				INFOPLIST_FILE = DeOfHetTests/Info.plist;
				LD_RUNPATH_SEARCH_PATHS = (
					"$(inherited)",
					"@executable_path/Frameworks",
					"@loader_path/Frameworks",
				);
				PRODUCT_BUNDLE_IDENTIFIER = com.pk.DeOfHetTests;
				PRODUCT_NAME = "$(TARGET_NAME)";
				SWIFT_VERSION = 4.2;
				TARGETED_DEVICE_FAMILY = "1,2";
				TEST_HOST = "$(BUILT_PRODUCTS_DIR)/DeOfHet.app/DeOfHet";
			};
			name = Release;
		};
		F91F6A092221EE86007E6E97 /* Debug */ = {
			isa = XCBuildConfiguration;
			buildSettings = {
				ALWAYS_EMBED_SWIFT_STANDARD_LIBRARIES = YES;
				CODE_SIGN_STYLE = Automatic;
				DEVELOPMENT_TEAM = 6AC44Z6PNA;
				INFOPLIST_FILE = DeOfHetUITests/Info.plist;
				LD_RUNPATH_SEARCH_PATHS = (
					"$(inherited)",
					"@executable_path/Frameworks",
					"@loader_path/Frameworks",
				);
				PRODUCT_BUNDLE_IDENTIFIER = com.pk.DeOfHetUITests;
				PRODUCT_NAME = "$(TARGET_NAME)";
				SWIFT_VERSION = 4.2;
				TARGETED_DEVICE_FAMILY = "1,2";
				TEST_TARGET_NAME = DeOfHet;
			};
			name = Debug;
		};
		F91F6A0A2221EE86007E6E97 /* Release */ = {
			isa = XCBuildConfiguration;
			buildSettings = {
				ALWAYS_EMBED_SWIFT_STANDARD_LIBRARIES = YES;
				CODE_SIGN_STYLE = Automatic;
				DEVELOPMENT_TEAM = 6AC44Z6PNA;
				INFOPLIST_FILE = DeOfHetUITests/Info.plist;
				LD_RUNPATH_SEARCH_PATHS = (
					"$(inherited)",
					"@executable_path/Frameworks",
					"@loader_path/Frameworks",
				);
				PRODUCT_BUNDLE_IDENTIFIER = com.pk.DeOfHetUITests;
				PRODUCT_NAME = "$(TARGET_NAME)";
				SWIFT_VERSION = 4.2;
				TARGETED_DEVICE_FAMILY = "1,2";
				TEST_TARGET_NAME = DeOfHet;
			};
			name = Release;
		};
/* End XCBuildConfiguration section */

/* Begin XCConfigurationList section */
		F91F69D52221EE65007E6E97 /* Build configuration list for PBXProject "DeOfHet" */ = {
			isa = XCConfigurationList;
			buildConfigurations = (
				F91F6A002221EE85007E6E97 /* Debug */,
				F91F6A012221EE85007E6E97 /* Release */,
			);
			defaultConfigurationIsVisible = 0;
			defaultConfigurationName = Release;
		};
		F91F6A022221EE85007E6E97 /* Build configuration list for PBXNativeTarget "DeOfHet" */ = {
			isa = XCConfigurationList;
			buildConfigurations = (
				F91F6A032221EE85007E6E97 /* Debug */,
				F91F6A042221EE85007E6E97 /* Release */,
			);
			defaultConfigurationIsVisible = 0;
			defaultConfigurationName = Release;
		};
		F91F6A052221EE86007E6E97 /* Build configuration list for PBXNativeTarget "DeOfHetTests" */ = {
			isa = XCConfigurationList;
			buildConfigurations = (
				F91F6A062221EE86007E6E97 /* Debug */,
				F91F6A072221EE86007E6E97 /* Release */,
			);
			defaultConfigurationIsVisible = 0;
			defaultConfigurationName = Release;
		};
		F91F6A082221EE86007E6E97 /* Build configuration list for PBXNativeTarget "DeOfHetUITests" */ = {
			isa = XCConfigurationList;
			buildConfigurations = (
				F91F6A092221EE86007E6E97 /* Debug */,
				F91F6A0A2221EE86007E6E97 /* Release */,
			);
			defaultConfigurationIsVisible = 0;
			defaultConfigurationName = Release;
		};
/* End XCConfigurationList section */
	};
	rootObject = F91F69D22221EE65007E6E97 /* Project object */;
}
